# This file is generated by running "yarn install" inside your project.
# Manual changes might be lost - proceed with caution!

__metadata:
  version: 5
  cacheKey: 8

"foo@file:./thing::locator=root-workspace-0b6124%40workspace%3A.":
  version: 0.0.0
  resolution: "foo@file:./thing#./thing::hash=14d17f&locator=root-workspace-0b6124%40workspace%3A."
  dependencies:
    lodash: "git+ssh://git@github.com:lodash/lodash.git#4.17.4"
    thing: "file:./thing"
  checksum: ae93d805cd82a197535db1d7393beff26d5adff38714b4be1b175f1488bcec435edf2cdddc82628a481cd2341afbd2d3ee91416f3458429b2f059e56d4757600
  languageName: node
  linkType: hard

"lodash@git+ssh://git@github.com:lodash/lodash.git#4.17.4":
  version: 4.17.4
  resolution: "lodash@git+ssh://git@github.com:lodash/lodash.git#commit=912d6b04a1f6b732508a6da72a95ec4f96bda154"
  checksum: 4a3d271140acdd6bde4243d7295028917a70d29c6cab84d6a5a5c8617254b0f7d764fe1d6101532f17e90e763d6815148c3ab37b9e92e11823814eaa6c6f9fb2
  languageName: node
  linkType: hard

"root-workspace-0b6124@workspace:.":
  version: 0.0.0-use.local
  resolution: "root-workspace-0b6124@workspace:."
  dependencies:
    foo: "file:./thing"
    lodash: "git+ssh://git@github.com:lodash/lodash.git#4.17.4"
    typescript: ~4.0.0
    typescript-old: "npm:typescript@~3.9.0"
    typescript-old2: "npm:typescript@^3.0.0"
  languageName: unknown
  linkType: soft

"thing@file:./thing::locator=foo%40file%3A.%2Fthing%23.%2Fthing%3A%3Ahash%3D14d17f%26locator%3Droot-workspace-0b6124%2540workspace%253A.":
  version: 0.0.0
  resolution: "thing@file:./thing#./thing::hash=4fc70b&locator=foo%40file%3A.%2Fthing%23.%2Fthing%3A%3Ahash%3D14d17f%26locator%3Droot-workspace-0b6124%2540workspace%253A."
  dependencies:
    lodash: "git+ssh://git@github.com:lodash/lodash.git#4.17.4"
  checksum: f51ee8cdd6f5a6c6f66eb6241b00e4172e9ade4b023c34c457823229f470afd98f10e22f1db07ee6a5f13298867fe3e163b689ae250e891c1dcf8fe5df41b145
  languageName: node
  linkType: hard

"typescript-old2@npm:typescript@^3.0.0, typescript-old@npm:typescript@~3.9.0":
  version: 3.9.10
  resolution: "typescript@npm:3.9.10"
  bin:
    tsc: bin/tsc
    tsserver: bin/tsserver
  checksum: 46c842e2cd4797b88b66ef06c9c41dd21da48b95787072ccf39d5f2aa3124361bc4c966aa1c7f709fae0509614d76751455b5231b12dbb72eb97a31369e1ff92
  languageName: node
  linkType: hard

"typescript@npm:~4.0.0":
  version: 4.0.8
  resolution: "typescript@npm:4.0.8"
  bin:
    tsc: bin/tsc
    tsserver: bin/tsserver
  checksum: ed3869f1001a1d3609bddaea3e53147dafc5ad5dc70dd836ae74a8a954e5000a7245448eb98923077be0d3953677d413303f7cdc52ccca9589c664d4060c00a7
  languageName: node
  linkType: hard

"typescript@patch:typescript@~4.0.0#~builtin<compat/typescript>":
  version: 4.0.8
  resolution: "typescript@patch:typescript@npm%3A4.0.8#~builtin<compat/typescript>::version=4.0.8&hash=ddd1e8"
  bin:
    tsc: bin/tsc
    tsserver: bin/tsserver
  checksum: 700e29f13204ee32838125e5239dff34257abea7589600c797ae1f114dea7b297d4268baa830957beb4422d90a9eea5cdf04ad34ad24b3873ee2997620b65990
  languageName: node
  linkType: hard
